// !$*UTF8*$!
{
	archiveVersion = 1;
	classes = {
	};
	objectVersion = 50;
	objects = {

/* Begin PBXBuildFile section */
		5A007F5A221DA3A500FC3019 /* AppDelegate.swift in Sources */ = {isa = PBXBuildFile; fileRef = 5A007F59221DA3A500FC3019 /* AppDelegate.swift */; };
		5A007F5C221DA3A500FC3019 /* ViewController.swift in Sources */ = {isa = PBXBuildFile; fileRef = 5A007F5B221DA3A500FC3019 /* ViewController.swift */; };
		5A007F5F221DA3A500FC3019 /* Main.storyboard in Resources */ = {isa = PBXBuildFile; fileRef = 5A007F5D221DA3A500FC3019 /* Main.storyboard */; };
		5A007F62221DA3A500FC3019 /* CoreDataLogin2.xcdatamodeld in Sources */ = {isa = PBXBuildFile; fileRef = 5A007F60221DA3A500FC3019 /* CoreDataLogin2.xcdatamodeld */; };
		5A007F64221DA3A800FC3019 /* Assets.xcassets in Resources */ = {isa = PBXBuildFile; fileRef = 5A007F63221DA3A800FC3019 /* Assets.xcassets */; };
		5A007F67221DA3A800FC3019 /* LaunchScreen.storyboard in Resources */ = {isa = PBXBuildFile; fileRef = 5A007F65221DA3A800FC3019 /* LaunchScreen.storyboard */; };
		5A007F6F221DA75C00FC3019 /* DataController.swift in Sources */ = {isa = PBXBuildFile; fileRef = 5A007F6E221DA75C00FC3019 /* DataController.swift */; };
		5A007F71221DA7D700FC3019 /* Constants.swift in Sources */ = {isa = PBXBuildFile; fileRef = 5A007F70221DA7D700FC3019 /* Constants.swift */; };
		5A007F73221DA8A800FC3019 /* ViewModel.swift in Sources */ = {isa = PBXBuildFile; fileRef = 5A007F72221DA8A800FC3019 /* ViewModel.swift */; };
		5A007F75221DAEB800FC3019 /* SignInViewController.swift in Sources */ = {isa = PBXBuildFile; fileRef = 5A007F74221DAEB800FC3019 /* SignInViewController.swift */; };
		5A007F77221DAECF00FC3019 /* SignUpViewController.swift in Sources */ = {isa = PBXBuildFile; fileRef = 5A007F76221DAECF00FC3019 /* SignUpViewController.swift */; };
		5A007F79221DB6BA00FC3019 /* SignUpModel.swift in Sources */ = {isa = PBXBuildFile; fileRef = 5A007F78221DB6BA00FC3019 /* SignUpModel.swift */; };
		5ACCD075221E5654005035E6 /* GlobalVars.swift in Sources */ = {isa = PBXBuildFile; fileRef = 5ACCD074221E5654005035E6 /* GlobalVars.swift */; };
		5ACCD077221E56D5005035E6 /* SignInModel.swift in Sources */ = {isa = PBXBuildFile; fileRef = 5ACCD076221E56D5005035E6 /* SignInModel.swift */; };
/* End PBXBuildFile section */

/* Begin PBXFileReference section */
		5A007F56221DA3A500FC3019 /* CoreDataLogin2.app */ = {isa = PBXFileReference; explicitFileType = wrapper.application; includeInIndex = 0; path = CoreDataLogin2.app; sourceTree = BUILT_PRODUCTS_DIR; };
		5A007F59221DA3A500FC3019 /* AppDelegate.swift */ = {isa = PBXFileReference; lastKnownFileType = sourcecode.swift; path = AppDelegate.swift; sourceTree = "<group>"; };
		5A007F5B221DA3A500FC3019 /* ViewController.swift */ = {isa = PBXFileReference; lastKnownFileType = sourcecode.swift; path = ViewController.swift; sourceTree = "<group>"; };
		5A007F5E221DA3A500FC3019 /* Base */ = {isa = PBXFileReference; lastKnownFileType = file.storyboard; name = Base; path = Base.lproj/Main.storyboard; sourceTree = "<group>"; };
		5A007F61221DA3A500FC3019 /* CoreDataLogin2.xcdatamodel */ = {isa = PBXFileReference; lastKnownFileType = wrapper.xcdatamodel; path = CoreDataLogin2.xcdatamodel; sourceTree = "<group>"; };
		5A007F63221DA3A800FC3019 /* Assets.xcassets */ = {isa = PBXFileReference; lastKnownFileType = folder.assetcatalog; path = Assets.xcassets; sourceTree = "<group>"; };
		5A007F66221DA3A800FC3019 /* Base */ = {isa = PBXFileReference; lastKnownFileType = file.storyboard; name = Base; path = Base.lproj/LaunchScreen.storyboard; sourceTree = "<group>"; };
		5A007F68221DA3A800FC3019 /* Info.plist */ = {isa = PBXFileReference; lastKnownFileType = text.plist.xml; path = Info.plist; sourceTree = "<group>"; };
		5A007F6E221DA75C00FC3019 /* DataController.swift */ = {isa = PBXFileReference; fileEncoding = 4; lastKnownFileType = sourcecode.swift; path = DataController.swift; sourceTree = "<group>"; };
		5A007F70221DA7D700FC3019 /* Constants.swift */ = {isa = PBXFileReference; lastKnownFileType = sourcecode.swift; path = Constants.swift; sourceTree = "<group>"; };
		5A007F72221DA8A800FC3019 /* ViewModel.swift */ = {isa = PBXFileReference; lastKnownFileType = sourcecode.swift; path = ViewModel.swift; sourceTree = "<group>"; };
		5A007F74221DAEB800FC3019 /* SignInViewController.swift */ = {isa = PBXFileReference; lastKnownFileType = sourcecode.swift; path = SignInViewController.swift; sourceTree = "<group>"; };
		5A007F76221DAECF00FC3019 /* SignUpViewController.swift */ = {isa = PBXFileReference; lastKnownFileType = sourcecode.swift; path = SignUpViewController.swift; sourceTree = "<group>"; };
		5A007F78221DB6BA00FC3019 /* SignUpModel.swift */ = {isa = PBXFileReference; lastKnownFileType = sourcecode.swift; path = SignUpModel.swift; sourceTree = "<group>"; };
		5ACCD074221E5654005035E6 /* GlobalVars.swift */ = {isa = PBXFileReference; lastKnownFileType = sourcecode.swift; path = GlobalVars.swift; sourceTree = "<group>"; };
		5ACCD076221E56D5005035E6 /* SignInModel.swift */ = {isa = PBXFileReference; lastKnownFileType = sourcecode.swift; path = SignInModel.swift; sourceTree = "<group>"; };
/* End PBXFileReference section */

/* Begin PBXFrameworksBuildPhase section */
		5A007F53221DA3A500FC3019 /* Frameworks */ = {
			isa = PBXFrameworksBuildPhase;
			buildActionMask = 2147483647;
			files = (
			);
			runOnlyForDeploymentPostprocessing = 0;
		};
/* End PBXFrameworksBuildPhase section */

/* Begin PBXGroup section */
		5A007F4D221DA3A500FC3019 = {
			isa = PBXGroup;
			children = (
				5A007F58221DA3A500FC3019 /* CoreDataLogin2 */,
				5A007F57221DA3A500FC3019 /* Products */,
			);
			sourceTree = "<group>";
		};
		5A007F57221DA3A500FC3019 /* Products */ = {
			isa = PBXGroup;
			children = (
				5A007F56221DA3A500FC3019 /* CoreDataLogin2.app */,
			);
			name = Products;
			sourceTree = "<group>";
		};
		5A007F58221DA3A500FC3019 /* CoreDataLogin2 */ = {
			isa = PBXGroup;
			children = (
				5A007F59221DA3A500FC3019 /* AppDelegate.swift */,
				5ACCD074221E5654005035E6 /* GlobalVars.swift */,
				5A007F70221DA7D700FC3019 /* Constants.swift */,
				5A007F6E221DA75C00FC3019 /* DataController.swift */,
				5A007F5B221DA3A500FC3019 /* ViewController.swift */,
				5A007F72221DA8A800FC3019 /* ViewModel.swift */,
				5A007F74221DAEB800FC3019 /* SignInViewController.swift */,
				5ACCD076221E56D5005035E6 /* SignInModel.swift */,
				5A007F76221DAECF00FC3019 /* SignUpViewController.swift */,
				5A007F78221DB6BA00FC3019 /* SignUpModel.swift */,
				5A007F5D221DA3A500FC3019 /* Main.storyboard */,
				5A007F63221DA3A800FC3019 /* Assets.xcassets */,
				5A007F65221DA3A800FC3019 /* LaunchScreen.storyboard */,
				5A007F68221DA3A800FC3019 /* Info.plist */,
				5A007F60221DA3A500FC3019 /* CoreDataLogin2.xcdatamodeld */,
			);
			path = CoreDataLogin2;
			sourceTree = "<group>";
		};
/* End PBXGroup section */

/* Begin PBXNativeTarget section */
		5A007F55221DA3A500FC3019 /* CoreDataLogin2 */ = {
			isa = PBXNativeTarget;
			buildConfigurationList = 5A007F6B221DA3A800FC3019 /* Build configuration list for PBXNativeTarget "CoreDataLogin2" */;
			buildPhases = (
				5A007F52221DA3A500FC3019 /* Sources */,
				5A007F53221DA3A500FC3019 /* Frameworks */,
				5A007F54221DA3A500FC3019 /* Resources */,
			);
			buildRules = (
			);
			dependencies = (
			);
			name = CoreDataLogin2;
			productName = CoreDataLogin2;
			productReference = 5A007F56221DA3A500FC3019 /* CoreDataLogin2.app */;
			productType = "com.apple.product-type.application";
		};
/* End PBXNativeTarget section */

/* Begin PBXProject section */
		5A007F4E221DA3A500FC3019 /* Project object */ = {
			isa = PBXProject;
			attributes = {
				LastSwiftUpdateCheck = 1010;
				LastUpgradeCheck = 1010;
				ORGANIZATIONNAME = TechTonic;
				TargetAttributes = {
					5A007F55221DA3A500FC3019 = {
						CreatedOnToolsVersion = 10.1;
					};
				};
			};
			buildConfigurationList = 5A007F51221DA3A500FC3019 /* Build configuration list for PBXProject "CoreDataLogin2" */;
			compatibilityVersion = "Xcode 9.3";
			developmentRegion = en;
			hasScannedForEncodings = 0;
			knownRegions = (
				en,
				Base,
			);
			mainGroup = 5A007F4D221DA3A500FC3019;
			productRefGroup = 5A007F57221DA3A500FC3019 /* Products */;
			projectDirPath = "";
			projectRoot = "";
			targets = (
				5A007F55221DA3A500FC3019 /* CoreDataLogin2 */,
			);
		};
/* End PBXProject section */

/* Begin PBXResourcesBuildPhase section */
		5A007F54221DA3A500FC3019 /* Resources */ = {
			isa = PBXResourcesBuildPhase;
			buildActionMask = 2147483647;
			files = (
				5A007F67221DA3A800FC3019 /* LaunchScreen.storyboard in Resources */,
				5A007F64221DA3A800FC3019 /* Assets.xcassets in Resources */,
				5A007F5F221DA3A500FC3019 /* Main.storyboard in Resources */,
			);
			runOnlyForDeploymentPostprocessing = 0;
		};
/* End PBXResourcesBuildPhase section */

/* Begin PBXSourcesBuildPhase section */
		5A007F52221DA3A500FC3019 /* Sources */ = {
			isa = PBXSourcesBuildPhase;
			buildActionMask = 2147483647;
			files = (
				5ACCD077221E56D5005035E6 /* SignInModel.swift in Sources */,
				5A007F75221DAEB800FC3019 /* SignInViewController.swift in Sources */,
				5A007F71221DA7D700FC3019 /* Constants.swift in Sources */,
				5A007F77221DAECF00FC3019 /* SignUpViewController.swift in Sources */,
				5A007F79221DB6BA00FC3019 /* SignUpModel.swift in Sources */,
				5ACCD075221E5654005035E6 /* GlobalVars.swift in Sources */,
				5A007F62221DA3A500FC3019 /* CoreDataLogin2.xcdatamodeld in Sources */,
				5A007F6F221DA75C00FC3019 /* DataController.swift in Sources */,
				5A007F5C221DA3A500FC3019 /* ViewController.swift in Sources */,
				5A007F73221DA8A800FC3019 /* ViewModel.swift in Sources */,
				5A007F5A221DA3A500FC3019 /* AppDelegate.swift in Sources */,
			);
			runOnlyForDeploymentPostprocessing = 0;
		};
/* End PBXSourcesBuildPhase section */

/* Begin PBXVariantGroup section */
		5A007F5D221DA3A500FC3019 /* Main.storyboard */ = {
			isa = PBXVariantGroup;
			children = (
				5A007F5E221DA3A500FC3019 /* Base */,
			);
			name = Main.storyboard;
			sourceTree = "<group>";
		};
		5A007F65221DA3A800FC3019 /* LaunchScreen.storyboard */ = {
			isa = PBXVariantGroup;
			children = (
				5A007F66221DA3A800FC3019 /* Base */,
			);
			name = LaunchScreen.storyboard;
			sourceTree = "<group>";
		};
/* End PBXVariantGroup section */

/* Begin XCBuildConfiguration section */
		5A007F69221DA3A800FC3019 /* Debug */ = {
			isa = XCBuildConfiguration;
			buildSettings = {
				ALWAYS_SEARCH_USER_PATHS = NO;
				CLANG_ANALYZER_NONNULL = YES;
				CLANG_ANALYZER_NUMBER_OBJECT_CONVERSION = YES_AGGRESSIVE;
				CLANG_CXX_LANGUAGE_STANDARD = "gnu++14";
				CLANG_CXX_LIBRARY = "libc++";
				CLANG_ENABLE_MODULES = YES;
				CLANG_ENABLE_OBJC_ARC = YES;
				CLANG_ENABLE_OBJC_WEAK = YES;
				CLANG_WARN_BLOCK_CAPTURE_AUTORELEASING = YES;
				CLANG_WARN_BOOL_CONVERSION = YES;
				CLANG_WARN_COMMA = YES;
				CLANG_WARN_CONSTANT_CONVERSION = YES;
				CLANG_WARN_DEPRECATED_OBJC_IMPLEMENTATIONS = YES;
				CLANG_WARN_DIRECT_OBJC_ISA_USAGE = YES_ERROR;
				CLANG_WARN_DOCUMENTATION_COMMENTS = YES;
				CLANG_WARN_EMPTY_BODY = YES;
				CLANG_WARN_ENUM_CONVERSION = YES;
				CLANG_WARN_INFINITE_RECURSION = YES;
				CLANG_WARN_INT_CONVERSION = YES;
				CLANG_WARN_NON_LITERAL_NULL_CONVERSION = YES;
				CLANG_WARN_OBJC_IMPLICIT_RETAIN_SELF = YES;
				CLANG_WARN_OBJC_LITERAL_CONVERSION = YES;
				CLANG_WARN_OBJC_ROOT_CLASS = YES_ERROR;
				CLANG_WARN_RANGE_LOOP_ANALYSIS = YES;
				CLANG_WARN_STRICT_PROTOTYPES = YES;
				CLANG_WARN_SUSPICIOUS_MOVE = YES;
				CLANG_WARN_UNGUARDED_AVAILABILITY = YES_AGGRESSIVE;
				CLANG_WARN_UNREACHABLE_CODE = YES;
				CLANG_WARN__DUPLICATE_METHOD_MATCH = YES;
				CODE_SIGN_IDENTITY = "iPhone Developer";
				COPY_PHASE_STRIP = NO;
				DEBUG_INFORMATION_FORMAT = dwarf;
				ENABLE_STRICT_OBJC_MSGSEND = YES;
				ENABLE_TESTABILITY = YES;
				GCC_C_LANGUAGE_STANDARD = gnu11;
				GCC_DYNAMIC_NO_PIC = NO;
				GCC_NO_COMMON_BLOCKS = YES;
				GCC_OPTIMIZATION_LEVEL = 0;
				GCC_PREPROCESSOR_DEFINITIONS = (
					"DEBUG=1",
					"$(inherited)",
				);
				GCC_WARN_64_TO_32_BIT_CONVERSION = YES;
				GCC_WARN_ABOUT_RETURN_TYPE = YES_ERROR;
				GCC_WARN_UNDECLARED_SELECTOR = YES;
				GCC_WARN_UNINITIALIZED_AUTOS = YES_AGGRESSIVE;
				GCC_WARN_UNUSED_FUNCTION = YES;
				GCC_WARN_UNUSED_VARIABLE = YES;
				IPHONEOS_DEPLOYMENT_TARGET = 12.1;
				MTL_ENABLE_DEBUG_INFO = INCLUDE_SOURCE;
				MTL_FAST_MATH = YES;
				ONLY_ACTIVE_ARCH = YES;
				SDKROOT = iphoneos;
				SWIFT_ACTIVE_COMPILATION_CONDITIONS = DEBUG;
				SWIFT_OPTIMIZATION_LEVEL = "-Onone";
			};
			name = Debug;
		};
		5A007F6A221DA3A800FC3019 /* Release */ = {
			isa = XCBuildConfiguration;
			buildSettings = {
				ALWAYS_SEARCH_USER_PATHS = NO;
				CLANG_ANALYZER_NONNULL = YES;
				CLANG_ANALYZER_NUMBER_OBJECT_CONVERSION = YES_AGGRESSIVE;
				CLANG_CXX_LANGUAGE_STANDARD = "gnu++14";
				CLANG_CXX_LIBRARY = "libc++";
				CLANG_ENABLE_MODULES = YES;
				CLANG_ENABLE_OBJC_ARC = YES;
				CLANG_ENABLE_OBJC_WEAK = YES;
				CLANG_WARN_BLOCK_CAPTURE_AUTORELEASING = YES;
				CLANG_WARN_BOOL_CONVERSION = YES;
				CLANG_WARN_COMMA = YES;
				CLANG_WARN_CONSTANT_CONVERSION = YES;
				CLANG_WARN_DEPRECATED_OBJC_IMPLEMENTATIONS = YES;
				CLANG_WARN_DIRECT_OBJC_ISA_USAGE = YES_ERROR;
				CLANG_WARN_DOCUMENTATION_COMMENTS = YES;
				CLANG_WARN_EMPTY_BODY = YES;
				CLANG_WARN_ENUM_CONVERSION = YES;
				CLANG_WARN_INFINITE_RECURSION = YES;
				CLANG_WARN_INT_CONVERSION = YES;
				CLANG_WARN_NON_LITERAL_NULL_CONVERSION = YES;
				CLANG_WARN_OBJC_IMPLICIT_RETAIN_SELF = YES;
				CLANG_WARN_OBJC_LITERAL_CONVERSION = YES;
				CLANG_WARN_OBJC_ROOT_CLASS = YES_ERROR;
				CLANG_WARN_RANGE_LOOP_ANALYSIS = YES;
				CLANG_WARN_STRICT_PROTOTYPES = YES;
				CLANG_WARN_SUSPICIOUS_MOVE = YES;
				CLANG_WARN_UNGUARDED_AVAILABILITY = YES_AGGRESSIVE;
				CLANG_WARN_UNREACHABLE_CODE = YES;
				CLANG_WARN__DUPLICATE_METHOD_MATCH = YES;
				CODE_SIGN_IDENTITY = "iPhone Developer";
				COPY_PHASE_STRIP = NO;
				DEBUG_INFORMATION_FORMAT = "dwarf-with-dsym";
				ENABLE_NS_ASSERTIONS = NO;
				ENABLE_STRICT_OBJC_MSGSEND = YES;
				GCC_C_LANGUAGE_STANDARD = gnu11;
				GCC_NO_COMMON_BLOCKS = YES;
				GCC_WARN_64_TO_32_BIT_CONVERSION = YES;
				GCC_WARN_ABOUT_RETURN_TYPE = YES_ERROR;
				GCC_WARN_UNDECLARED_SELECTOR = YES;
				GCC_WARN_UNINITIALIZED_AUTOS = YES_AGGRESSIVE;
				GCC_WARN_UNUSED_FUNCTION = YES;
				GCC_WARN_UNUSED_VARIABLE = YES;
				IPHONEOS_DEPLOYMENT_TARGET = 12.1;
				MTL_ENABLE_DEBUG_INFO = NO;
				MTL_FAST_MATH = YES;
				SDKROOT = iphoneos;
				SWIFT_COMPILATION_MODE = wholemodule;
				SWIFT_OPTIMIZATION_LEVEL = "-O";
				VALIDATE_PRODUCT = YES;
			};
			name = Release;
		};
		5A007F6C221DA3A800FC3019 /* Debug */ = {
			isa = XCBuildConfiguration;
			buildSettings = {
				ASSETCATALOG_COMPILER_APPICON_NAME = AppIcon;
				CODE_SIGN_STYLE = Automatic;
				DEVELOPMENT_TEAM = RDRMVW96A6;
				INFOPLIST_FILE = CoreDataLogin2/Info.plist;
				LD_RUNPATH_SEARCH_PATHS = (
					"$(inherited)",
					"@executable_path/Frameworks",
				);
				PRODUCT_BUNDLE_IDENTIFIER = TechTonic.CoreDataLogin2;
				PRODUCT_NAME = "$(TARGET_NAME)";
				SWIFT_VERSION = 4.2;
				TARGETED_DEVICE_FAMILY = "1,2";
			};
			name = Debug;
		};
		5A007F6D221DA3A800FC3019 /* Release */ = {
			isa = XCBuildConfiguration;
			buildSettings = {
				ASSETCATALOG_COMPILER_APPICON_NAME = AppIcon;
				CODE_SIGN_STYLE = Automatic;
				DEVELOPMENT_TEAM = RDRMVW96A6;
				INFOPLIST_FILE = CoreDataLogin2/Info.plist;
				LD_RUNPATH_SEARCH_PATHS = (
					"$(inherited)",
					"@executable_path/Frameworks",
				);
				PRODUCT_BUNDLE_IDENTIFIER = TechTonic.CoreDataLogin2;
				PRODUCT_NAME = "$(TARGET_NAME)";
				SWIFT_VERSION = 4.2;
				TARGETED_DEVICE_FAMILY = "1,2";
			};
			name = Release;
		};
/* End XCBuildConfiguration section */

/* Begin XCConfigurationList section */
		5A007F51221DA3A500FC3019 /* Build configuration list for PBXProject "CoreDataLogin2" */ = {
			isa = XCConfigurationList;
			buildConfigurations = (
				5A007F69221DA3A800FC3019 /* Debug */,
				5A007F6A221DA3A800FC3019 /* Release */,
			);
			defaultConfigurationIsVisible = 0;
			defaultConfigurationName = Release;
		};
		5A007F6B221DA3A800FC3019 /* Build configuration list for PBXNativeTarget "CoreDataLogin2" */ = {
			isa = XCConfigurationList;
			buildConfigurations = (
				5A007F6C221DA3A800FC3019 /* Debug */,
				5A007F6D221DA3A800FC3019 /* Release */,
			);
			defaultConfigurationIsVisible = 0;
			defaultConfigurationName = Release;
		};
/* End XCConfigurationList section */

/* Begin XCVersionGroup section */
		5A007F60221DA3A500FC3019 /* CoreDataLogin2.xcdatamodeld */ = {
			isa = XCVersionGroup;
			children = (
				5A007F61221DA3A500FC3019 /* CoreDataLogin2.xcdatamodel */,
			);
			currentVersion = 5A007F61221DA3A500FC3019 /* CoreDataLogin2.xcdatamodel */;
			path = CoreDataLogin2.xcdatamodeld;
			sourceTree = "<group>";
			versionGroupType = wrapper.xcdatamodel;
		};
/* End XCVersionGroup section */
	};
	rootObject = 5A007F4E221DA3A500FC3019 /* Project object */;
}
